
Microsoft Visual Studio Solution File, Format Version 12.00
# Visual Studio Version 17
VisualStudioVersion = 17.10.35201.131
MinimumVisualStudioVersion = 10.0.40219.1
Project("{FAE04EC0-301F-11D3-BF4B-00C04F79EFBC}") = "ProjectOne", "ProjectOne\ProjectOne.csproj", "{B85B2724-DDFD-4FC0-80F3-5AB65FA1B165}"
EndProject
Project("{FAE04EC0-301F-11D3-BF4B-00C04F79EFBC}") = "ProjectOne.Tests", "ProjectOne.Tests\ProjectOne.Tests.csproj", "{A32B0FFF-9640-461F-B139-64970E1B1BEB}"
EndProject
Global
	GlobalSection(SolutionConfigurationPlatforms) = preSolution
		Debug|Any CPU = Debug|Any CPU
		Release|Any CPU = Release|Any CPU
	EndGlobalSection
	GlobalSection(ProjectConfigurationPlatforms) = postSolution
		{B85B2724-DDFD-4FC0-80F3-5AB65FA1B165}.Debug|Any CPU.ActiveCfg = Debug|Any CPU
		{B85B2724-DDFD-4FC0-80F3-5AB65FA1B165}.Debug|Any CPU.Build.0 = Debug|Any CPU
		{B85B2724-DDFD-4FC0-80F3-5AB65FA1B165}.Release|Any CPU.ActiveCfg = Release|Any CPU
		{B85B2724-DDFD-4FC0-80F3-5AB65FA1B165}.Release|Any CPU.Build.0 = Release|Any CPU
		{A32B0FFF-9640-461F-B139-64970E1B1BEB}.Debug|Any CPU.ActiveCfg = Debug|Any CPU
		{A32B0FFF-9640-461F-B139-64970E1B1BEB}.Debug|Any CPU.Build.0 = Debug|Any CPU
		{A32B0FFF-9640-461F-B139-64970E1B1BEB}.Release|Any CPU.ActiveCfg = Release|Any CPU
		{A32B0FFF-9640-461F-B139-64970E1B1BEB}.Release|Any CPU.Build.0 = Release|Any CPU
	EndGlobalSection
	GlobalSection(SolutionProperties) = preSolution
		HideSolutionNode = FALSE
	EndGlobalSection
	GlobalSection(ExtensibilityGlobals) = postSolution
		SolutionGuid = {D37C7FDC-1EDA-49EE-87E4-3F2E18E7EB70}
	EndGlobalSection
EndGlobal
